version = 1
revision = 2
requires-python = ">=3.12"

[[package]]
name = "av"
version = "15.1.0"
source = { registry = "https://pypi.org/simple" }
sdist = { url = "https://files.pythonhosted.org/packages/e9/c3/83e6e73d1592bc54436eae0bc61704ae0cff0c3cfbde7b58af9ed67ebb49/av-15.1.0.tar.gz", hash = "sha256:39cda2dc810e11c1938f8cb5759c41d6b630550236b3365790e67a313660ec85", size = 3774192, upload-time = "2025-08-30T04:41:56.076Z" }
wheels = [
    { url = "https://files.pythonhosted.org/packages/d1/58/de78b276d20db6ffcd4371283df771721a833ba525a3d57e753d00a9fe79/av-15.1.0-cp312-cp312-macosx_13_0_arm64.whl", hash = "sha256:40c5df37f4c354ab8190c6fd68dab7881d112f527906f64ca73da4c252a58cee", size = 21760991, upload-time = "2025-08-30T04:40:00.801Z" },
    { url = "https://files.pythonhosted.org/packages/56/cc/45f85775304ae60b66976360d82ba5b152ad3fd91f9267d5020a51e9a828/av-15.1.0-cp312-cp312-macosx_13_0_x86_64.whl", hash = "sha256:af455ce65ada3d361f80c90c810d9bced4db5655ab9aa513024d6c71c5c476d5", size = 26953097, upload-time = "2025-08-30T04:40:03.998Z" },
    { url = "https://files.pythonhosted.org/packages/f3/f8/2d781e5e71d02fc829487e775ccb1185e72f95340d05f2e84eb57a11e093/av-15.1.0-cp312-cp312-manylinux_2_28_aarch64.whl", hash = "sha256:86226d2474c80c3393fa07a9c366106029ae500716098b72b3ec3f67205524c3", size = 38319710, upload-time = "2025-08-30T04:40:07.701Z" },
    { url = "https://files.pythonhosted.org/packages/ac/13/37737ef2193e83862ccacff23580c39de251da456a1bf0459e762cca273c/av-15.1.0-cp312-cp312-manylinux_2_28_x86_64.whl", hash = "sha256:11326f197e7001c4ca53a83b2dbc67fd39ddff8cdf62ce6be3b22d9f3f9338bd", size = 39915519, upload-time = "2025-08-30T04:40:11.066Z" },
    { url = "https://files.pythonhosted.org/packages/26/e9/e8032c7b8f2a4129a03f63f896544f8b7cf068e2db2950326fa2400d5c47/av-15.1.0-cp312-cp312-musllinux_1_2_aarch64.whl", hash = "sha256:a631ea879cc553080ee62874f4284765c42ba08ee0279851a98a85e2ceb3cc8d", size = 40286166, upload-time = "2025-08-30T04:40:14.561Z" },
    { url = "https://files.pythonhosted.org/packages/e2/23/612c0fd809444d04b8387a2dfd942ccc77829507bd78a387ff65a9d98c24/av-15.1.0-cp312-cp312-musllinux_1_2_x86_64.whl", hash = "sha256:8f383949b010c3e731c245f80351d19dc0c08f345e194fc46becb1cb279be3ff", size = 41150592, upload-time = "2025-08-30T04:40:17.951Z" },
    { url = "https://files.pythonhosted.org/packages/15/74/6f8e38a3b0aea5f28e72813672ff45b64615f2c69e6a4a558718c95edb9f/av-15.1.0-cp312-cp312-win_amd64.whl", hash = "sha256:d5921aa45f4c1f8c1a8d8185eb347e02aa4c3071278a2e2dd56368d54433d643", size = 31336093, upload-time = "2025-08-30T04:40:21.393Z" },
    { url = "https://files.pythonhosted.org/packages/2e/bc/78b2ffa8235eeffc29aa4a8cc47b02e660cfec32f601f39a00975fb06d0e/av-15.1.0-cp313-cp313-macosx_13_0_arm64.whl", hash = "sha256:2f77853c3119c59d1bff4214ccbe46e3133eccff85ed96adee51c68684443f4e", size = 21726244, upload-time = "2025-08-30T04:40:24.14Z" },
    { url = "https://files.pythonhosted.org/packages/1a/99/66d69453a2dce028e6e8ebea085d90e880aac03d3a3ab7d8ec16755ffd75/av-15.1.0-cp313-cp313-macosx_13_0_x86_64.whl", hash = "sha256:c0bc4471c156a0a1c70a607502434f477bc8dfe085eef905e55b4b0d66bcd3a5", size = 26918663, upload-time = "2025-08-30T04:40:27.557Z" },
    { url = "https://files.pythonhosted.org/packages/fa/51/1a7dfbeda71f2772bc46d758af0e7fab1cc8388ce4bc7f24aecbc4bfd764/av-15.1.0-cp313-cp313-manylinux_2_28_aarch64.whl", hash = "sha256:37839d4fa1407f047af82560dfc0f94d8d6266071eff49e1cbe16c4483054621", size = 38041408, upload-time = "2025-08-30T04:40:30.811Z" },
    { url = "https://files.pythonhosted.org/packages/d7/97/2c4e0288ad4359b6064cb06ae79c2ff3a84ac73d27e91f2161b75fcd86fa/av-15.1.0-cp313-cp313-manylinux_2_28_x86_64.whl", hash = "sha256:729179cd8622815e8b6f6854d13a806fe710576e08895c77e5e4ad254609de9a", size = 39642563, upload-time = "2025-08-30T04:40:34.617Z" },
    { url = "https://files.pythonhosted.org/packages/ea/94/2362502149e276d00957edabcc201a5f4d5109a8a7b4fd30793714a532f3/av-15.1.0-cp313-cp313-musllinux_1_2_aarch64.whl", hash = "sha256:4abdf085bfa4eec318efccff567831b361ea56c045cc38366811552e3127c665", size = 40022119, upload-time = "2025-08-30T04:40:37.703Z" },
    { url = "https://files.pythonhosted.org/packages/df/58/1a0ce1b3835d9728da0a7a54aeffaa0a2b1a88405eaed9322efd55212a54/av-15.1.0-cp313-cp313-musllinux_1_2_x86_64.whl", hash = "sha256:f985661644879e4520d28a995fcb2afeb951bc15a1d51412eb8e5f36da85b6fe", size = 40885158, upload-time = "2025-08-30T04:40:40.952Z" },
    { url = "https://files.pythonhosted.org/packages/30/e6/054bb64e424d90b77ed5fc6a7358e4013fb436154c998fc90a89a186313f/av-15.1.0-cp313-cp313-win_amd64.whl", hash = "sha256:7d7804a44c8048bb4b014a99353dd124663a12cd1d4613ba2bd3b457c3b1d539", size = 31312256, upload-time = "2025-08-30T04:40:44.224Z" },
    { url = "https://files.pythonhosted.org/packages/6f/8b/89eae6dca10d7d2b83c131025a31ccc750be78699ac0304439faa1d1df99/av-15.1.0-cp314-cp314-macosx_13_0_arm64.whl", hash = "sha256:5dd73c6447947edcb82e5fecf96e1f146aeda0f169c7ad4c54df4d9f66f63fde", size = 21730645, upload-time = "2025-08-30T04:40:47.259Z" },
    { url = "https://files.pythonhosted.org/packages/a3/f0/abffaf69405ed68041524be12a1e294faf396971d6a0e70eb00e93687df7/av-15.1.0-cp314-cp314-macosx_13_0_x86_64.whl", hash = "sha256:a81cd515934a5d51290aa66b059b7ed29c4a212e704f3c5e99e32877ff1c312c", size = 26913753, upload-time = "2025-08-30T04:40:50.445Z" },
    { url = "https://files.pythonhosted.org/packages/37/9e/7af078bcfc3cd340c981ac5d613c090ab007023d2ac13b05acd52f22f069/av-15.1.0-cp314-cp314-manylinux_2_28_aarch64.whl", hash = "sha256:57cc7a733a7e7d7a153682f35c9cf5d01e8269367b049c954779de36fc3d0b10", size = 38027048, upload-time = "2025-08-30T04:40:54.076Z" },
    { url = "https://files.pythonhosted.org/packages/02/76/1f9dac11ad713e3619288993ea04e9c9cf4ec0f04e5ee81e83b8129dd8f3/av-15.1.0-cp314-cp314-manylinux_2_28_x86_64.whl", hash = "sha256:a77b75bdb6899a64302ff923a5246e0747b3f0a3ecee7d61118db407a22c3f53", size = 39565396, upload-time = "2025-08-30T04:40:57.84Z" },
    { url = "https://files.pythonhosted.org/packages/8b/32/2188c46e2747247458ffc26b230c57dd28e61f65ff7b9e6223a411af5e98/av-15.1.0-cp314-cp314-musllinux_1_2_aarch64.whl", hash = "sha256:d0a1154ce081f1720082a133cfe12356c59f62dad2b93a7a1844bf1dcd010d85", size = 40015050, upload-time = "2025-08-30T04:41:01.091Z" },
    { url = "https://files.pythonhosted.org/packages/1e/41/b57fbce9994580619d7574817ece0fe0e7b822cde2af57904549d0150b8d/av-15.1.0-cp314-cp314-musllinux_1_2_x86_64.whl", hash = "sha256:8a7bf5a34dee15c86790414fa86a144e6d0dcc788bc83b565fdcbc080b4fbc90", size = 40821225, upload-time = "2025-08-30T04:41:04.349Z" },
    { url = "https://files.pythonhosted.org/packages/b1/36/e85cd1f0d3369c6764ad422882895d082f7ececb66d3df8aeae3234ef7a6/av-15.1.0-cp314-cp314-win_amd64.whl", hash = "sha256:e30c9a6fd9734784941384a2e25fad3c22881a7682f378914676aa7e795acdb7", size = 31311750, upload-time = "2025-08-30T04:41:07.744Z" },
    { url = "https://files.pythonhosted.org/packages/80/d8/08a681758a4e49adfda409a6a35eff533f42654c6a6cfa102bc5cae1a728/av-15.1.0-cp314-cp314t-macosx_13_0_arm64.whl", hash = "sha256:60666833d7e65ebcfc48034a072de74349edbb62c9aaa3e6722fef31ca028eb6", size = 21828343, upload-time = "2025-08-30T04:41:10.81Z" },
    { url = "https://files.pythonhosted.org/packages/4a/52/29bec3fe68669b21f7d1ab5d94e21f597b8dfd37f50a3e3c9af6a8da925c/av-15.1.0-cp314-cp314t-macosx_13_0_x86_64.whl", hash = "sha256:53fbdae45aa2a49a22e864ff4f4017416ef62c060a172085d3247ba0a101104e", size = 27001666, upload-time = "2025-08-30T04:41:13.822Z" },
    { url = "https://files.pythonhosted.org/packages/9d/54/2c1d1faced66d708f5df328e800997cb47f90b500a214130c3a0f2ad601e/av-15.1.0-cp314-cp314t-manylinux_2_28_aarch64.whl", hash = "sha256:e6c51061667983dc801502aff9140bbc4f0e0d97f879586f17fb2f9a7e49c381", size = 39496753, upload-time = "2025-08-30T04:41:16.759Z" },
    { url = "https://files.pythonhosted.org/packages/c3/76/06ded5e52c4dcc2d9b5184c6da8de5ea77bd7ecb79a59a2b9700f1984949/av-15.1.0-cp314-cp314t-manylinux_2_28_x86_64.whl", hash = "sha256:2f80ec387f04aa34868662b11018b5f09654ae1530a61e24e92a142a24b10b62", size = 40784729, upload-time = "2025-08-30T04:41:20.491Z" },
    { url = "https://files.pythonhosted.org/packages/52/ef/797b76f3b39c99a96e387f501bbc07dca340b27d3dda12862fe694066b63/av-15.1.0-cp314-cp314t-musllinux_1_2_aarch64.whl", hash = "sha256:4975e03177d37d8165c99c8d494175675ba8acb72458fb5d7e43f746a53e0374", size = 41284953, upload-time = "2025-08-30T04:41:23.949Z" },
    { url = "https://files.pythonhosted.org/packages/31/47/e4656f00e62fd059ea5a40b492dea784f5aecfe1dfac10c0d7a0664ce200/av-15.1.0-cp314-cp314t-musllinux_1_2_x86_64.whl", hash = "sha256:8f78f3dad11780b4cdd024cdb92ce43cb170929297c00f2f4555c2b103f51e55", size = 41985340, upload-time = "2025-08-30T04:41:27.561Z" },
    { url = "https://files.pythonhosted.org/packages/b1/c9/15bb4fd7a1f39d70db35af2b9c20a0ae19e4220eb58a8b8446e903b98d72/av-15.1.0-cp314-cp314t-win_amd64.whl", hash = "sha256:9a20c5eba3ec49c2f4b281797021923fc68a86aeb66c5cda4fd0252fa8004951", size = 31487337, upload-time = "2025-08-30T04:41:30.591Z" },
]

[[package]]
name = "pyqt5"
version = "5.15.11"
source = { registry = "https://pypi.org/simple" }
dependencies = [
    { name = "pyqt5-qt5" },
    { name = "pyqt5-sip" },
]
sdist = { url = "https://files.pythonhosted.org/packages/0e/07/c9ed0bd428df6f87183fca565a79fee19fa7c88c7f00a7f011ab4379e77a/PyQt5-5.15.11.tar.gz", hash = "sha256:fda45743ebb4a27b4b1a51c6d8ef455c4c1b5d610c90d2934c7802b5c1557c52", size = 3216775, upload-time = "2024-07-19T08:39:57.756Z" }
wheels = [
    { url = "https://files.pythonhosted.org/packages/11/64/42ec1b0bd72d87f87bde6ceb6869f444d91a2d601f2e67cd05febc0346a1/PyQt5-5.15.11-cp38-abi3-macosx_11_0_arm64.whl", hash = "sha256:c8b03dd9380bb13c804f0bdb0f4956067f281785b5e12303d529f0462f9afdc2", size = 6579776, upload-time = "2024-07-19T08:39:19.775Z" },
    { url = "https://files.pythonhosted.org/packages/49/f5/3fb696f4683ea45d68b7e77302eff173493ac81e43d63adb60fa760b9f91/PyQt5-5.15.11-cp38-abi3-macosx_11_0_x86_64.whl", hash = "sha256:6cd75628f6e732b1ffcfe709ab833a0716c0445d7aec8046a48d5843352becb6", size = 7016415, upload-time = "2024-07-19T08:39:32.977Z" },
    { url = "https://files.pythonhosted.org/packages/b4/8c/4065950f9d013c4b2e588fe33cf04e564c2322842d84dbcbce5ba1dc28b0/PyQt5-5.15.11-cp38-abi3-manylinux_2_17_x86_64.whl", hash = "sha256:cd672a6738d1ae33ef7d9efa8e6cb0a1525ecf53ec86da80a9e1b6ec38c8d0f1", size = 8188103, upload-time = "2024-07-19T08:39:40.561Z" },
    { url = "https://files.pythonhosted.org/packages/f3/f0/ae5a5b4f9b826b29ea4be841b2f2d951bcf5ae1d802f3732b145b57c5355/PyQt5-5.15.11-cp38-abi3-win32.whl", hash = "sha256:76be0322ceda5deecd1708a8d628e698089a1cea80d1a49d242a6d579a40babd", size = 5433308, upload-time = "2024-07-19T08:39:46.932Z" },
    { url = "https://files.pythonhosted.org/packages/56/d5/68eb9f3d19ce65df01b6c7b7a577ad3bbc9ab3a5dd3491a4756e71838ec9/PyQt5-5.15.11-cp38-abi3-win_amd64.whl", hash = "sha256:bdde598a3bb95022131a5c9ea62e0a96bd6fb28932cc1619fd7ba211531b7517", size = 6865864, upload-time = "2024-07-19T08:39:53.572Z" },
]

[[package]]
name = "pyqt5-qt5"
version = "5.15.17"
source = { registry = "https://pypi.org/simple" }
wheels = [
    { url = "https://files.pythonhosted.org/packages/d3/f9/accb06e76e23fb23053d48cc24fd78dec6ed14cb4d5cbadb0fd4a0c1b02e/PyQt5_Qt5-5.15.17-py3-none-macosx_10_13_x86_64.whl", hash = "sha256:d8b8094108e748b4bbd315737cfed81291d2d228de43278f0b8bd7d2b808d2b9", size = 39972275, upload-time = "2025-05-24T11:15:42.259Z" },
    { url = "https://files.pythonhosted.org/packages/87/1a/e1601ad6934cc489b8f1e967494f23958465cf1943712f054c5a306e9029/PyQt5_Qt5-5.15.17-py3-none-macosx_11_0_arm64.whl", hash = "sha256:b68628f9b8261156f91d2f72ebc8dfb28697c4b83549245d9a68195bd2d74f0c", size = 37135109, upload-time = "2025-05-24T11:15:59.786Z" },
    { url = "https://files.pythonhosted.org/packages/ac/e1/13d25a9ff2ac236a264b4603abaa39fa8bb9a7aa430519bb5f545c5b008d/PyQt5_Qt5-5.15.17-py3-none-manylinux2014_x86_64.whl", hash = "sha256:b018f75d1cc61146396fa5af14da1db77c5d6318030e5e366f09ffdf7bd358d8", size = 61112954, upload-time = "2025-05-24T11:16:26.036Z" },
]

[[package]]
name = "pyqt5-sip"
version = "12.17.1"
source = { registry = "https://pypi.org/simple" }
sdist = { url = "https://files.pythonhosted.org/packages/ea/08/88a20c862f40b5c178c517cdc7e93767967dec5ac1b994e226d517991c9b/pyqt5_sip-12.17.1.tar.gz", hash = "sha256:0eab72bcb628f1926bf5b9ac51259d4fa18e8b2a81d199071135458f7d087ea8", size = 104136, upload-time = "2025-10-08T09:04:19.893Z" }
wheels = [
    { url = "https://files.pythonhosted.org/packages/a5/15/291f83f336558300626bebb0c403084ec171bbc8a70683e3376234422eb6/pyqt5_sip-12.17.1-cp312-cp312-macosx_10_9_universal2.whl", hash = "sha256:c362606de782d2d46374a38523632786f145c517ee62de246a6069e5f2c5f336", size = 124521, upload-time = "2025-10-08T09:04:15.825Z" },
    { url = "https://files.pythonhosted.org/packages/45/85/ea1ae099260fd1859d71b31f51760b4226abfa778d5796b76d92c8fe6dcd/pyqt5_sip-12.17.1-cp312-cp312-manylinux_2_5_x86_64.manylinux1_x86_64.whl", hash = "sha256:140cc582151456103ebb149fefc678f3cae803e7720733db51212af5219cd45c", size = 282182, upload-time = "2025-10-08T09:15:35.752Z" },
    { url = "https://files.pythonhosted.org/packages/b4/b3/d5b50c721651a0f2ccbef6f8db3dabf3db296b9ec239ba007f5615f57dd7/pyqt5_sip-12.17.1-cp312-cp312-win32.whl", hash = "sha256:9dc1f1525d4d42c080f6cfdfc70d78239f8f67b0a48ea0745497251d8d848b1d", size = 49447, upload-time = "2025-10-08T09:11:24.843Z" },
    { url = "https://files.pythonhosted.org/packages/14/b6/474d8b17763683ab45fb364f3a44f25fdc25d97b47b29ad8819b95a15ac8/pyqt5_sip-12.17.1-cp312-cp312-win_amd64.whl", hash = "sha256:d5e2e9e175559017cd161d661e0ee0b551684f824bb90800c5a8c8a3bea9355e", size = 57946, upload-time = "2025-10-08T09:08:35.775Z" },
    { url = "https://files.pythonhosted.org/packages/1d/58/9ecb688050e79ffe7bbd9fc917aa13f63856a5081ac46bbce87bb11ab971/pyqt5_sip-12.17.1-cp313-cp313-macosx_10_13_universal2.whl", hash = "sha256:9ebbd7769ccdaaa6295e9c872553b6cde17f38e171056f17300d8af9a14d1fc8", size = 124485, upload-time = "2025-10-08T09:04:17.473Z" },
    { url = "https://files.pythonhosted.org/packages/b1/9f/ae691360a9f18e3e06fd297e854d7ad175367e35ea184fd2fcf6c79b8c25/pyqt5_sip-12.17.1-cp313-cp313-manylinux_2_5_x86_64.manylinux1_x86_64.whl", hash = "sha256:b023da906a70af2cf5e6fc1932f441ede07530f3e164dd52c6c2bb5ab7c6f424", size = 281923, upload-time = "2025-10-08T09:15:37.004Z" },
    { url = "https://files.pythonhosted.org/packages/d7/31/491c45423174a359a4b8a8d84a7b541c453f48497ae928cbe4006bcd3e01/pyqt5_sip-12.17.1-cp313-cp313-win32.whl", hash = "sha256:36dbef482bd638786b909f3bda65b7b3d5cbd6cbf16797496de38bae542da307", size = 49400, upload-time = "2025-10-08T09:11:25.769Z" },
    { url = "https://files.pythonhosted.org/packages/64/61/e28681dd5200094f7b2e6671e85c02a4d6693da36d23ad7d39ffbc70b15c/pyqt5_sip-12.17.1-cp313-cp313-win_amd64.whl", hash = "sha256:d04e5551bbc3bcec98acc63b3b0618ddcbf31ff107349225b516fe7e7c0a7c8b", size = 57979, upload-time = "2025-10-08T09:08:37.036Z" },
    { url = "https://files.pythonhosted.org/packages/71/f9/06c09dc94474ffe3f518f80e47fc69d34abf8e4a971ae7e7c667d6ff30a7/pyqt5_sip-12.17.1-cp314-cp314-macosx_10_15_universal2.whl", hash = "sha256:c49918287e1ad77956d1589f1d3d432a0be7630c646ea02cf652413a48e14458", size = 124400, upload-time = "2025-10-08T08:38:23.927Z" },
    { url = "https://files.pythonhosted.org/packages/40/ae/be6e338ea427deac5cd81a93f51ae3fb6505d99d6d5e5d5341bcc099327e/pyqt5_sip-12.17.1-cp314-cp314-manylinux_2_5_x86_64.manylinux1_x86_64.whl", hash = "sha256:944a4bf1e1ee18ad03a54964c1c6433fb6de582313a1f0b17673e7203e22fc83", size = 282291, upload-time = "2025-10-08T08:38:25.735Z" },
    { url = "https://files.pythonhosted.org/packages/fc/a3/8b758518bd0dd5d1581f7a6d522c9b4d9b58d05087b1d0b4dfaad5376434/pyqt5_sip-12.17.1-cp314-cp314-win32.whl", hash = "sha256:99a2935fd662a67748625b1e6ffa0a2d1f2da068b9df6db04fa59a4a5d4ee613", size = 50578, upload-time = "2025-10-08T08:38:28.72Z" },
    { url = "https://files.pythonhosted.org/packages/40/8c/e96f9877548810b1e537f46fc21ba74552dd4e8c498658114a8353bdf659/pyqt5_sip-12.17.1-cp314-cp314-win_amd64.whl", hash = "sha256:aaa33232cc80793d14fdb3b149b27eec0855612ed66aad480add5ac49b9cee63", size = 59763, upload-time = "2025-10-08T08:38:27.443Z" },
]

[[package]]
name = "tinydb"
version = "4.8.2"
source = { registry = "https://pypi.org/simple" }
sdist = { url = "https://files.pythonhosted.org/packages/a0/79/4af51e2bb214b6ea58f857c51183d92beba85b23f7ba61c983ab3de56c33/tinydb-4.8.2.tar.gz", hash = "sha256:f7dfc39b8d7fda7a1ca62a8dbb449ffd340a117c1206b68c50b1a481fb95181d", size = 32566, upload-time = "2024-10-12T15:24:01.13Z" }
wheels = [
    { url = "https://files.pythonhosted.org/packages/78/17/853354204e1ca022d6b7d011ca7f3206c4f8faa3cc743e92609b49c1d83f/tinydb-4.8.2-py3-none-any.whl", hash = "sha256:f97030ee5cbc91eeadd1d7af07ab0e48ceb04aa63d4a983adbaca4cba16e86c3", size = 24888, upload-time = "2024-10-12T15:23:59.833Z" },
]

[[package]]
name = "voicerecorder"
version = "0.5.3"
source = { editable = "." }
dependencies = [
    { name = "av" },
    { name = "pyqt5" },
    { name = "tinydb" },
]

[package.metadata]
requires-dist = [
    { name = "av", specifier = ">=15.1.0" },
    { name = "pyqt5", specifier = ">=5.15.11" },
    { name = "tinydb", specifier = ">=4.8.2" },
]
